
Microsoft Visual Studio Solution File, Format Version 12.00
# Visual Studio Version 17
VisualStudioVersion = 17.0.31903.59
MinimumVisualStudioVersion = 10.0.40219.1
Project("{FAE04EC0-301F-11D3-BF4B-00C04F79EFBC}") = "MyClassLib", "MyClassLib\MyClassLib.csproj", "{631FF1D5-716E-4D6E-AC3F-075240368C81}"
EndProject
Project("{FAE04EC0-301F-11D3-BF4B-00C04F79EFBC}") = "UIConsole", "UIConsole\UIConsole.csproj", "{4249C1FB-90CF-4389-91E1-78F67C4290A5}"
EndProject
Project("{FAE04EC0-301F-11D3-BF4B-00C04F79EFBC}") = "WinFormsApp", "WinFormsApp\WinFormsApp.csproj", "{A7CAC68F-A571-43AA-AEA1-D2EC32C6F09A}"
EndProject
Project("{FAE04EC0-301F-11D3-BF4B-00C04F79EFBC}") = "AbstractFabric", "AbstractFabric\AbstractFabric.csproj", "{E5CD9084-1E3C-4DC7-B7D1-FBDC8B41E626}"
EndProject
Project("{FAE04EC0-301F-11D3-BF4B-00C04F79EFBC}") = "UIAbstractFabric", "UIAbstractFabric\UIAbstractFabric.csproj", "{838DE5CC-C25A-4ABD-99AD-A1BB723B63C2}"
EndProject
Project("{FAE04EC0-301F-11D3-BF4B-00C04F79EFBC}") = "UIFabricMethod", "UIFabricMethod\UIFabricMethod.csproj", "{A54CD313-FDD6-44E8-B164-6B27A81F5438}"
EndProject
Global
	GlobalSection(SolutionConfigurationPlatforms) = preSolution
		Debug|Any CPU = Debug|Any CPU
		Release|Any CPU = Release|Any CPU
	EndGlobalSection
	GlobalSection(ProjectConfigurationPlatforms) = postSolution
		{631FF1D5-716E-4D6E-AC3F-075240368C81}.Debug|Any CPU.ActiveCfg = Debug|Any CPU
		{631FF1D5-716E-4D6E-AC3F-075240368C81}.Debug|Any CPU.Build.0 = Debug|Any CPU
		{631FF1D5-716E-4D6E-AC3F-075240368C81}.Release|Any CPU.ActiveCfg = Release|Any CPU
		{631FF1D5-716E-4D6E-AC3F-075240368C81}.Release|Any CPU.Build.0 = Release|Any CPU
		{4249C1FB-90CF-4389-91E1-78F67C4290A5}.Debug|Any CPU.ActiveCfg = Debug|Any CPU
		{4249C1FB-90CF-4389-91E1-78F67C4290A5}.Debug|Any CPU.Build.0 = Debug|Any CPU
		{4249C1FB-90CF-4389-91E1-78F67C4290A5}.Release|Any CPU.ActiveCfg = Release|Any CPU
		{4249C1FB-90CF-4389-91E1-78F67C4290A5}.Release|Any CPU.Build.0 = Release|Any CPU
		{A7CAC68F-A571-43AA-AEA1-D2EC32C6F09A}.Debug|Any CPU.ActiveCfg = Debug|Any CPU
		{A7CAC68F-A571-43AA-AEA1-D2EC32C6F09A}.Debug|Any CPU.Build.0 = Debug|Any CPU
		{A7CAC68F-A571-43AA-AEA1-D2EC32C6F09A}.Release|Any CPU.ActiveCfg = Release|Any CPU
		{A7CAC68F-A571-43AA-AEA1-D2EC32C6F09A}.Release|Any CPU.Build.0 = Release|Any CPU
		{E5CD9084-1E3C-4DC7-B7D1-FBDC8B41E626}.Debug|Any CPU.ActiveCfg = Debug|Any CPU
		{E5CD9084-1E3C-4DC7-B7D1-FBDC8B41E626}.Debug|Any CPU.Build.0 = Debug|Any CPU
		{E5CD9084-1E3C-4DC7-B7D1-FBDC8B41E626}.Release|Any CPU.ActiveCfg = Release|Any CPU
		{E5CD9084-1E3C-4DC7-B7D1-FBDC8B41E626}.Release|Any CPU.Build.0 = Release|Any CPU
		{838DE5CC-C25A-4ABD-99AD-A1BB723B63C2}.Debug|Any CPU.ActiveCfg = Debug|Any CPU
		{838DE5CC-C25A-4ABD-99AD-A1BB723B63C2}.Debug|Any CPU.Build.0 = Debug|Any CPU
		{838DE5CC-C25A-4ABD-99AD-A1BB723B63C2}.Release|Any CPU.ActiveCfg = Release|Any CPU
		{838DE5CC-C25A-4ABD-99AD-A1BB723B63C2}.Release|Any CPU.Build.0 = Release|Any CPU
		{A54CD313-FDD6-44E8-B164-6B27A81F5438}.Debug|Any CPU.ActiveCfg = Debug|Any CPU
		{A54CD313-FDD6-44E8-B164-6B27A81F5438}.Debug|Any CPU.Build.0 = Debug|Any CPU
		{A54CD313-FDD6-44E8-B164-6B27A81F5438}.Release|Any CPU.ActiveCfg = Release|Any CPU
		{A54CD313-FDD6-44E8-B164-6B27A81F5438}.Release|Any CPU.Build.0 = Release|Any CPU
	EndGlobalSection
	GlobalSection(SolutionProperties) = preSolution
		HideSolutionNode = FALSE
	EndGlobalSection
EndGlobal
