
Microsoft Visual Studio Solution File, Format Version 12.00
# Visual Studio Version 17
VisualStudioVersion = 17.0.31903.59
MinimumVisualStudioVersion = 10.0.40219.1
Project("{FAE04EC0-301F-11D3-BF4B-00C04F79EFBC}") = "FabrciMethodClassLib", "MyClassLib\FabrciMethodClassLib.csproj", "{631FF1D5-716E-4D6E-AC3F-075240368C81}"
EndProject
Project("{FAE04EC0-301F-11D3-BF4B-00C04F79EFBC}") = "UIConsoleFabricMethodExample", "UIConsole\UIConsoleFabricMethodExample.csproj", "{4249C1FB-90CF-4389-91E1-78F67C4290A5}"
EndProject
Project("{FAE04EC0-301F-11D3-BF4B-00C04F79EFBC}") = "WinFormsApp", "WinFormsApp\WinFormsApp.csproj", "{A7CAC68F-A571-43AA-AEA1-D2EC32C6F09A}"
EndProject
Project("{FAE04EC0-301F-11D3-BF4B-00C04F79EFBC}") = "UIAbstractFabric", "UIAbstractFabric\UIAbstractFabric.csproj", "{838DE5CC-C25A-4ABD-99AD-A1BB723B63C2}"
EndProject
Project("{FAE04EC0-301F-11D3-BF4B-00C04F79EFBC}") = "UIFabricMethod", "UIFabricMethod\UIFabricMethod.csproj", "{A54CD313-FDD6-44E8-B164-6B27A81F5438}"
EndProject
Project("{FAE04EC0-301F-11D3-BF4B-00C04F79EFBC}") = "UIConsoleAbstractFabricExample", "UIConsoleExample\UIConsoleAbstractFabricExample.csproj", "{7FB06D74-D304-4164-B180-6A3FAAD0EC77}"
EndProject
Project("{FAE04EC0-301F-11D3-BF4B-00C04F79EFBC}") = "UIConsoleAbstractFabricExample.Tests", "UIConsoleExample.Tests\UIConsoleAbstractFabricExample.Tests.csproj", "{CC325AD8-3F6F-45B0-A22B-FE1F5021E706}"
EndProject
Project("{FAE04EC0-301F-11D3-BF4B-00C04F79EFBC}") = "UIConsoleFabricMethodExample02", "Example02\UIConsoleFabricMethodExample02.csproj", "{BDF7EABF-3612-4332-BBC6-747E7D4A53AC}"
EndProject
Project("{FAE04EC0-301F-11D3-BF4B-00C04F79EFBC}") = "UIFabricMethodExample03", "UIExample03FabricMethod\UIFabricMethodExample03.csproj", "{6F5FFC60-B3EE-477A-BEBC-BE75575C63A7}"
EndProject
Project("{FAE04EC0-301F-11D3-BF4B-00C04F79EFBC}") = "UIConsoleStrategy", "UIConsoleStrategy\UIConsoleStrategy.csproj", "{22722F6E-A4E8-4F49-98DB-6021BF1A251E}"
EndProject
Project("{FAE04EC0-301F-11D3-BF4B-00C04F79EFBC}") = "UIConsoleStrategyFabricMethod", "UIConsoleStrategyFabricMethod\UIConsoleStrategyFabricMethod.csproj", "{AD8F8EC2-AFDE-4BFE-ABB3-DCDD2B19728E}"
EndProject
Project("{FAE04EC0-301F-11D3-BF4B-00C04F79EFBC}") = "UIConsoleBuilder", "UIConsoleBuilder\UIConsoleBuilder.csproj", "{CA6E2952-8580-4C74-8D1F-1A267BD02239}"
EndProject
Project("{FAE04EC0-301F-11D3-BF4B-00C04F79EFBC}") = "UIFacadePattern", "UIFacadePattern\UIFacadePattern.csproj", "{D24750A0-2E66-4FDF-894D-D8E7F457219E}"
EndProject
Project("{FAE04EC0-301F-11D3-BF4B-00C04F79EFBC}") = "UIChainOfResponsibility", "UIChainOfResponsibility\UIChainOfResponsibility.csproj", "{AAE5DE1D-F2AC-4633-A47E-1D07BA5EC57E}"
EndProject
Project("{FAE04EC0-301F-11D3-BF4B-00C04F79EFBC}") = "ChainOfResponsibility.Tests", "ChainOfResponsibility.Tests\ChainOfResponsibility.Tests.csproj", "{86400BE8-1E02-4AF1-81A4-E1B93D2FB691}"
EndProject
Project("{FAE04EC0-301F-11D3-BF4B-00C04F79EFBC}") = "UITemplateMethod", "UITemplateMethod\UITemplateMethod.csproj", "{4CE6EDCF-44F2-49FE-B21D-D21CF93B5265}"
EndProject
Project("{FAE04EC0-301F-11D3-BF4B-00C04F79EFBC}") = "UIConsoleDecorator", "UIConsoleDecorator\UIConsoleDecorator.csproj", "{E0D9DC92-C1BA-41F8-86B2-41656D7952E6}"
EndProject
Global
	GlobalSection(SolutionConfigurationPlatforms) = preSolution
		Debug|Any CPU = Debug|Any CPU
		Release|Any CPU = Release|Any CPU
	EndGlobalSection
	GlobalSection(ProjectConfigurationPlatforms) = postSolution
		{631FF1D5-716E-4D6E-AC3F-075240368C81}.Debug|Any CPU.ActiveCfg = Debug|Any CPU
		{631FF1D5-716E-4D6E-AC3F-075240368C81}.Debug|Any CPU.Build.0 = Debug|Any CPU
		{631FF1D5-716E-4D6E-AC3F-075240368C81}.Release|Any CPU.ActiveCfg = Release|Any CPU
		{631FF1D5-716E-4D6E-AC3F-075240368C81}.Release|Any CPU.Build.0 = Release|Any CPU
		{4249C1FB-90CF-4389-91E1-78F67C4290A5}.Debug|Any CPU.ActiveCfg = Debug|Any CPU
		{4249C1FB-90CF-4389-91E1-78F67C4290A5}.Debug|Any CPU.Build.0 = Debug|Any CPU
		{4249C1FB-90CF-4389-91E1-78F67C4290A5}.Release|Any CPU.ActiveCfg = Release|Any CPU
		{4249C1FB-90CF-4389-91E1-78F67C4290A5}.Release|Any CPU.Build.0 = Release|Any CPU
		{A7CAC68F-A571-43AA-AEA1-D2EC32C6F09A}.Debug|Any CPU.ActiveCfg = Debug|Any CPU
		{A7CAC68F-A571-43AA-AEA1-D2EC32C6F09A}.Debug|Any CPU.Build.0 = Debug|Any CPU
		{A7CAC68F-A571-43AA-AEA1-D2EC32C6F09A}.Release|Any CPU.ActiveCfg = Release|Any CPU
		{A7CAC68F-A571-43AA-AEA1-D2EC32C6F09A}.Release|Any CPU.Build.0 = Release|Any CPU
		{838DE5CC-C25A-4ABD-99AD-A1BB723B63C2}.Debug|Any CPU.ActiveCfg = Debug|Any CPU
		{838DE5CC-C25A-4ABD-99AD-A1BB723B63C2}.Debug|Any CPU.Build.0 = Debug|Any CPU
		{838DE5CC-C25A-4ABD-99AD-A1BB723B63C2}.Release|Any CPU.ActiveCfg = Release|Any CPU
		{838DE5CC-C25A-4ABD-99AD-A1BB723B63C2}.Release|Any CPU.Build.0 = Release|Any CPU
		{A54CD313-FDD6-44E8-B164-6B27A81F5438}.Debug|Any CPU.ActiveCfg = Debug|Any CPU
		{A54CD313-FDD6-44E8-B164-6B27A81F5438}.Debug|Any CPU.Build.0 = Debug|Any CPU
		{A54CD313-FDD6-44E8-B164-6B27A81F5438}.Release|Any CPU.ActiveCfg = Release|Any CPU
		{A54CD313-FDD6-44E8-B164-6B27A81F5438}.Release|Any CPU.Build.0 = Release|Any CPU
		{7FB06D74-D304-4164-B180-6A3FAAD0EC77}.Debug|Any CPU.ActiveCfg = Debug|Any CPU
		{7FB06D74-D304-4164-B180-6A3FAAD0EC77}.Debug|Any CPU.Build.0 = Debug|Any CPU
		{7FB06D74-D304-4164-B180-6A3FAAD0EC77}.Release|Any CPU.ActiveCfg = Release|Any CPU
		{7FB06D74-D304-4164-B180-6A3FAAD0EC77}.Release|Any CPU.Build.0 = Release|Any CPU
		{CC325AD8-3F6F-45B0-A22B-FE1F5021E706}.Debug|Any CPU.ActiveCfg = Debug|Any CPU
		{CC325AD8-3F6F-45B0-A22B-FE1F5021E706}.Debug|Any CPU.Build.0 = Debug|Any CPU
		{CC325AD8-3F6F-45B0-A22B-FE1F5021E706}.Release|Any CPU.ActiveCfg = Release|Any CPU
		{CC325AD8-3F6F-45B0-A22B-FE1F5021E706}.Release|Any CPU.Build.0 = Release|Any CPU
		{BDF7EABF-3612-4332-BBC6-747E7D4A53AC}.Debug|Any CPU.ActiveCfg = Debug|Any CPU
		{BDF7EABF-3612-4332-BBC6-747E7D4A53AC}.Debug|Any CPU.Build.0 = Debug|Any CPU
		{BDF7EABF-3612-4332-BBC6-747E7D4A53AC}.Release|Any CPU.ActiveCfg = Release|Any CPU
		{BDF7EABF-3612-4332-BBC6-747E7D4A53AC}.Release|Any CPU.Build.0 = Release|Any CPU
		{6F5FFC60-B3EE-477A-BEBC-BE75575C63A7}.Debug|Any CPU.ActiveCfg = Debug|Any CPU
		{6F5FFC60-B3EE-477A-BEBC-BE75575C63A7}.Debug|Any CPU.Build.0 = Debug|Any CPU
		{6F5FFC60-B3EE-477A-BEBC-BE75575C63A7}.Release|Any CPU.ActiveCfg = Release|Any CPU
		{6F5FFC60-B3EE-477A-BEBC-BE75575C63A7}.Release|Any CPU.Build.0 = Release|Any CPU
		{22722F6E-A4E8-4F49-98DB-6021BF1A251E}.Debug|Any CPU.ActiveCfg = Debug|Any CPU
		{22722F6E-A4E8-4F49-98DB-6021BF1A251E}.Debug|Any CPU.Build.0 = Debug|Any CPU
		{22722F6E-A4E8-4F49-98DB-6021BF1A251E}.Release|Any CPU.ActiveCfg = Release|Any CPU
		{22722F6E-A4E8-4F49-98DB-6021BF1A251E}.Release|Any CPU.Build.0 = Release|Any CPU
		{AD8F8EC2-AFDE-4BFE-ABB3-DCDD2B19728E}.Debug|Any CPU.ActiveCfg = Debug|Any CPU
		{AD8F8EC2-AFDE-4BFE-ABB3-DCDD2B19728E}.Debug|Any CPU.Build.0 = Debug|Any CPU
		{AD8F8EC2-AFDE-4BFE-ABB3-DCDD2B19728E}.Release|Any CPU.ActiveCfg = Release|Any CPU
		{AD8F8EC2-AFDE-4BFE-ABB3-DCDD2B19728E}.Release|Any CPU.Build.0 = Release|Any CPU
		{CA6E2952-8580-4C74-8D1F-1A267BD02239}.Debug|Any CPU.ActiveCfg = Debug|Any CPU
		{CA6E2952-8580-4C74-8D1F-1A267BD02239}.Debug|Any CPU.Build.0 = Debug|Any CPU
		{CA6E2952-8580-4C74-8D1F-1A267BD02239}.Release|Any CPU.ActiveCfg = Release|Any CPU
		{CA6E2952-8580-4C74-8D1F-1A267BD02239}.Release|Any CPU.Build.0 = Release|Any CPU
		{D24750A0-2E66-4FDF-894D-D8E7F457219E}.Debug|Any CPU.ActiveCfg = Debug|Any CPU
		{D24750A0-2E66-4FDF-894D-D8E7F457219E}.Debug|Any CPU.Build.0 = Debug|Any CPU
		{D24750A0-2E66-4FDF-894D-D8E7F457219E}.Release|Any CPU.ActiveCfg = Release|Any CPU
		{D24750A0-2E66-4FDF-894D-D8E7F457219E}.Release|Any CPU.Build.0 = Release|Any CPU
		{AAE5DE1D-F2AC-4633-A47E-1D07BA5EC57E}.Debug|Any CPU.ActiveCfg = Debug|Any CPU
		{AAE5DE1D-F2AC-4633-A47E-1D07BA5EC57E}.Debug|Any CPU.Build.0 = Debug|Any CPU
		{AAE5DE1D-F2AC-4633-A47E-1D07BA5EC57E}.Release|Any CPU.ActiveCfg = Release|Any CPU
		{AAE5DE1D-F2AC-4633-A47E-1D07BA5EC57E}.Release|Any CPU.Build.0 = Release|Any CPU
		{86400BE8-1E02-4AF1-81A4-E1B93D2FB691}.Debug|Any CPU.ActiveCfg = Debug|Any CPU
		{86400BE8-1E02-4AF1-81A4-E1B93D2FB691}.Debug|Any CPU.Build.0 = Debug|Any CPU
		{86400BE8-1E02-4AF1-81A4-E1B93D2FB691}.Release|Any CPU.ActiveCfg = Release|Any CPU
		{86400BE8-1E02-4AF1-81A4-E1B93D2FB691}.Release|Any CPU.Build.0 = Release|Any CPU
		{4CE6EDCF-44F2-49FE-B21D-D21CF93B5265}.Debug|Any CPU.ActiveCfg = Debug|Any CPU
		{4CE6EDCF-44F2-49FE-B21D-D21CF93B5265}.Debug|Any CPU.Build.0 = Debug|Any CPU
		{4CE6EDCF-44F2-49FE-B21D-D21CF93B5265}.Release|Any CPU.ActiveCfg = Release|Any CPU
		{4CE6EDCF-44F2-49FE-B21D-D21CF93B5265}.Release|Any CPU.Build.0 = Release|Any CPU
		{E0D9DC92-C1BA-41F8-86B2-41656D7952E6}.Debug|Any CPU.ActiveCfg = Debug|Any CPU
		{E0D9DC92-C1BA-41F8-86B2-41656D7952E6}.Debug|Any CPU.Build.0 = Debug|Any CPU
		{E0D9DC92-C1BA-41F8-86B2-41656D7952E6}.Release|Any CPU.ActiveCfg = Release|Any CPU
		{E0D9DC92-C1BA-41F8-86B2-41656D7952E6}.Release|Any CPU.Build.0 = Release|Any CPU
	EndGlobalSection
	GlobalSection(SolutionProperties) = preSolution
		HideSolutionNode = FALSE
	EndGlobalSection
EndGlobal
